
Microsoft Visual Studio Solution File, Format Version 12.00
# Visual Studio 2012
Project("{159641D6-6404-4A2A-AE62-294DE0FE8301}") = "Maintenance", "Maintenance\Maintenance.dtproj", "{FA6283A7-ACA5-4BF1-86E1-14E5624FD342}"
EndProject
Global
	GlobalSection(SolutionConfigurationPlatforms) = preSolution
		Development|Default = Development|Default
	EndGlobalSection
	GlobalSection(ProjectConfigurationPlatforms) = postSolution
		{FA6283A7-ACA5-4BF1-86E1-14E5624FD342}.Development|Default.ActiveCfg = Development
		{FA6283A7-ACA5-4BF1-86E1-14E5624FD342}.Development|Default.Build.0 = Development
	EndGlobalSection
	GlobalSection(SolutionProperties) = preSolution
		HideSolutionNode = FALSE
	EndGlobalSection
EndGlobal
